
Microsoft Visual Studio Solution File, Format Version 12.00
# Visual Studio 15
VisualStudioVersion = 15.0.28307.329
MinimumVisualStudioVersion = 10.0.40219.1
Project("{FAE04EC0-301F-11D3-BF4B-00C04F79EFBC}") = "FreeNet", "FreeNet\FreeNet.csproj", "{F6539BF7-D318-419A-AB93-A7F571842B9A}"
EndProject
Project("{FAE04EC0-301F-11D3-BF4B-00C04F79EFBC}") = "CSampleClient", "CSampleClient\CSampleClient.csproj", "{06539F39-6C0C-4619-B718-C617F6F050BD}"
EndProject
Project("{FAE04EC0-301F-11D3-BF4B-00C04F79EFBC}") = "CSampleServer", "CSampleServer\CSampleServer.csproj", "{1F47FDA9-CF94-4DBC-B946-5FE1E4887BFA}"
EndProject
Global
	GlobalSection(SolutionConfigurationPlatforms) = preSolution
		Debug|Any CPU = Debug|Any CPU
		Release|Any CPU = Release|Any CPU
	EndGlobalSection
	GlobalSection(ProjectConfigurationPlatforms) = postSolution
		{F6539BF7-D318-419A-AB93-A7F571842B9A}.Debug|Any CPU.ActiveCfg = Debug|Any CPU
		{F6539BF7-D318-419A-AB93-A7F571842B9A}.Debug|Any CPU.Build.0 = Debug|Any CPU
		{F6539BF7-D318-419A-AB93-A7F571842B9A}.Release|Any CPU.ActiveCfg = Release|Any CPU
		{F6539BF7-D318-419A-AB93-A7F571842B9A}.Release|Any CPU.Build.0 = Release|Any CPU
		{06539F39-6C0C-4619-B718-C617F6F050BD}.Debug|Any CPU.ActiveCfg = Debug|Any CPU
		{06539F39-6C0C-4619-B718-C617F6F050BD}.Debug|Any CPU.Build.0 = Debug|Any CPU
		{06539F39-6C0C-4619-B718-C617F6F050BD}.Release|Any CPU.ActiveCfg = Release|Any CPU
		{06539F39-6C0C-4619-B718-C617F6F050BD}.Release|Any CPU.Build.0 = Release|Any CPU
		{1F47FDA9-CF94-4DBC-B946-5FE1E4887BFA}.Debug|Any CPU.ActiveCfg = Debug|Any CPU
		{1F47FDA9-CF94-4DBC-B946-5FE1E4887BFA}.Debug|Any CPU.Build.0 = Debug|Any CPU
		{1F47FDA9-CF94-4DBC-B946-5FE1E4887BFA}.Release|Any CPU.ActiveCfg = Release|Any CPU
		{1F47FDA9-CF94-4DBC-B946-5FE1E4887BFA}.Release|Any CPU.Build.0 = Release|Any CPU
	EndGlobalSection
	GlobalSection(SolutionProperties) = preSolution
		HideSolutionNode = FALSE
	EndGlobalSection
	GlobalSection(ExtensibilityGlobals) = postSolution
		SolutionGuid = {DD1BA89A-7799-42C3-A46D-BE52676178B9}
	EndGlobalSection
EndGlobal
