
Microsoft Visual Studio Solution File, Format Version 12.00
# Visual Studio 15
Project("{FAE04EC0-301F-11D3-BF4B-00C04F79EFBC}") = "Assembly-CSharp", "Assembly-CSharp.csproj", "{C5552A67-55AD-1B83-12D5-AB0B59F8BCF2}"
EndProject
Project("{FAE04EC0-301F-11D3-BF4B-00C04F79EFBC}") = "Assembly-CSharp-firstpass", "Assembly-CSharp-firstpass.csproj", "{3F1C8FD7-64B2-D000-AB9D-E8ED6D34F6DB}"
EndProject
Project("{FAE04EC0-301F-11D3-BF4B-00C04F79EFBC}") = "Assembly-CSharp-Editor-firstpass", "Assembly-CSharp-Editor-firstpass.csproj", "{54FB95D8-C350-C313-562A-427B6B887AD4}"
EndProject
Global
	GlobalSection(SolutionConfigurationPlatforms) = preSolution
		Debug|Any CPU = Debug|Any CPU
		Release|Any CPU = Release|Any CPU
	EndGlobalSection
	GlobalSection(ProjectConfigurationPlatforms) = postSolution
		{C5552A67-55AD-1B83-12D5-AB0B59F8BCF2}.Debug|Any CPU.ActiveCfg = Debug|Any CPU
		{C5552A67-55AD-1B83-12D5-AB0B59F8BCF2}.Debug|Any CPU.Build.0 = Debug|Any CPU
		{C5552A67-55AD-1B83-12D5-AB0B59F8BCF2}.Release|Any CPU.ActiveCfg = Release|Any CPU
		{C5552A67-55AD-1B83-12D5-AB0B59F8BCF2}.Release|Any CPU.Build.0 = Release|Any CPU
		{3F1C8FD7-64B2-D000-AB9D-E8ED6D34F6DB}.Debug|Any CPU.ActiveCfg = Debug|Any CPU
		{3F1C8FD7-64B2-D000-AB9D-E8ED6D34F6DB}.Debug|Any CPU.Build.0 = Debug|Any CPU
		{3F1C8FD7-64B2-D000-AB9D-E8ED6D34F6DB}.Release|Any CPU.ActiveCfg = Release|Any CPU
		{3F1C8FD7-64B2-D000-AB9D-E8ED6D34F6DB}.Release|Any CPU.Build.0 = Release|Any CPU
		{54FB95D8-C350-C313-562A-427B6B887AD4}.Debug|Any CPU.ActiveCfg = Debug|Any CPU
		{54FB95D8-C350-C313-562A-427B6B887AD4}.Debug|Any CPU.Build.0 = Debug|Any CPU
		{54FB95D8-C350-C313-562A-427B6B887AD4}.Release|Any CPU.ActiveCfg = Release|Any CPU
		{54FB95D8-C350-C313-562A-427B6B887AD4}.Release|Any CPU.Build.0 = Release|Any CPU
	EndGlobalSection
	GlobalSection(SolutionProperties) = preSolution
		HideSolutionNode = FALSE
	EndGlobalSection
EndGlobal
