
Microsoft Visual Studio Solution File, Format Version 12.00
# Visual Studio 15
Project("{FAE04EC0-301F-11D3-BF4B-00C04F79EFBC}") = "ShaderTest_.Plugins", "ShaderTest_.Plugins.csproj", "{8C0538A5-0440-D46E-10C9-1858129DA702}"
EndProject
Project("{FAE04EC0-301F-11D3-BF4B-00C04F79EFBC}") = "ShaderTest_", "ShaderTest_.csproj", "{3D527B02-21C9-DF14-2E40-04DFEF668FAB}"
EndProject
Project("{FAE04EC0-301F-11D3-BF4B-00C04F79EFBC}") = "ShaderTest_.Editor.Plugins", "ShaderTest_.Editor.Plugins.csproj", "{F372B72D-52DC-B429-C1A3-974DE93BB5B0}"
EndProject
Global
	GlobalSection(SolutionConfigurationPlatforms) = preSolution
		Debug|Any CPU = Debug|Any CPU
		Release|Any CPU = Release|Any CPU
	EndGlobalSection
	GlobalSection(ProjectConfigurationPlatforms) = postSolution
		{8C0538A5-0440-D46E-10C9-1858129DA702}.Debug|Any CPU.ActiveCfg = Debug|Any CPU
		{8C0538A5-0440-D46E-10C9-1858129DA702}.Debug|Any CPU.Build.0 = Debug|Any CPU
		{8C0538A5-0440-D46E-10C9-1858129DA702}.Release|Any CPU.ActiveCfg = Release|Any CPU
		{8C0538A5-0440-D46E-10C9-1858129DA702}.Release|Any CPU.Build.0 = Release|Any CPU
		{3D527B02-21C9-DF14-2E40-04DFEF668FAB}.Debug|Any CPU.ActiveCfg = Debug|Any CPU
		{3D527B02-21C9-DF14-2E40-04DFEF668FAB}.Debug|Any CPU.Build.0 = Debug|Any CPU
		{3D527B02-21C9-DF14-2E40-04DFEF668FAB}.Release|Any CPU.ActiveCfg = Release|Any CPU
		{3D527B02-21C9-DF14-2E40-04DFEF668FAB}.Release|Any CPU.Build.0 = Release|Any CPU
		{F372B72D-52DC-B429-C1A3-974DE93BB5B0}.Debug|Any CPU.ActiveCfg = Debug|Any CPU
		{F372B72D-52DC-B429-C1A3-974DE93BB5B0}.Debug|Any CPU.Build.0 = Debug|Any CPU
		{F372B72D-52DC-B429-C1A3-974DE93BB5B0}.Release|Any CPU.ActiveCfg = Release|Any CPU
		{F372B72D-52DC-B429-C1A3-974DE93BB5B0}.Release|Any CPU.Build.0 = Release|Any CPU
	EndGlobalSection
	GlobalSection(SolutionProperties) = preSolution
		HideSolutionNode = FALSE
	EndGlobalSection
EndGlobal
